
Microsoft Visual Studio Solution File, Format Version 12.00
# Visual Studio Version 16
VisualStudioVersion = 16.0.31729.503
MinimumVisualStudioVersion = 10.0.40219.1
Project("{FAE04EC0-301F-11D3-BF4B-00C04F79EFBC}") = "sensitive_word_finder", "sensitive_word_finder.csproj", "{337D80AB-9043-4738-83AA-ABD75ECF9115}"
EndProject
Global
	GlobalSection(SolutionConfigurationPlatforms) = preSolution
		Debug|Any CPU = Debug|Any CPU
		Release|Any CPU = Release|Any CPU
	EndGlobalSection
	GlobalSection(ProjectConfigurationPlatforms) = postSolution
		{337D80AB-9043-4738-83AA-ABD75ECF9115}.Debug|Any CPU.ActiveCfg = Debug|Any CPU
		{337D80AB-9043-4738-83AA-ABD75ECF9115}.Debug|Any CPU.Build.0 = Debug|Any CPU
		{337D80AB-9043-4738-83AA-ABD75ECF9115}.Release|Any CPU.ActiveCfg = Release|Any CPU
		{337D80AB-9043-4738-83AA-ABD75ECF9115}.Release|Any CPU.Build.0 = Release|Any CPU
	EndGlobalSection
	GlobalSection(SolutionProperties) = preSolution
		HideSolutionNode = FALSE
	EndGlobalSection
	GlobalSection(ExtensibilityGlobals) = postSolution
		SolutionGuid = {65EF9279-7C14-47DE-AFBE-48632ECB65F9}
	EndGlobalSection
EndGlobal
